{
    "name": "bexlogs-scraper",
    "version": "1.0.0",
    "lockfileVersion": 3,
    "requires": true,
    "packages": {
        "": {
            "name": "bexlogs-scraper",
            "version": "1.0.0",
            "dependencies": {
                "@sentry/node": "^10.60.0",
                "dotenv": "^16.4.7",
                "playwright": "^1.59.1",
                "undici": "^7.16.0",
                "zod": "^3.24.1"
            },
            "devDependencies": {
                "@types/node": "^22.13.5",
                "tsx": "^4.20.6",
                "typescript": "^5.7.3"
            }
        },
        "node_modules/@apm-js-collab/code-transformer": {
            "version": "0.15.0",
            "resolved": "https://registry.npmjs.org/@apm-js-collab/code-transformer/-/code-transformer-0.15.0.tgz",
            "integrity": "sha512-XmXYVs8CzJ1Aj79noVbn2weUO/XWtRyURpGqx7aU7DOXlUQhR0WKOQNF0okh7PCeY37vxf7kU3v57OAkEPm3ww==",
            "license": "Apache-2.0",
            "dependencies": {
                "@types/estree": "^1.0.8",
                "astring": "^1.9.0",
                "esquery": "^1.7.0",
                "meriyah": "^6.1.4",
                "semifies": "^1.0.0",
                "source-map": "^0.6.0"
            },
            "bin": {
                "code-transformer": "cli.js"
            }
        },
        "node_modules/@apm-js-collab/code-transformer-bundler-plugins": {
            "version": "0.5.0",
            "resolved": "https://registry.npmjs.org/@apm-js-collab/code-transformer-bundler-plugins/-/code-transformer-bundler-plugins-0.5.0.tgz",
            "integrity": "sha512-YxLBY5nGlurL7QeJLq6e5g0ouBpAp0pwgyA/5rHXEXwhiPLn9ZHbT+Y2LlP90GT872cSocfjWRYu/fnpuBudNQ==",
            "license": "MIT",
            "dependencies": {
                "@apm-js-collab/code-transformer": "^0.15.0",
                "es-module-lexer": "^2.1.0",
                "magic-string": "^0.30.21",
                "module-details-from-path": "^1.0.4"
            },
            "engines": {
                "node": ">=18.0.0"
            }
        },
        "node_modules/@apm-js-collab/tracing-hooks": {
            "version": "0.10.0",
            "resolved": "https://registry.npmjs.org/@apm-js-collab/tracing-hooks/-/tracing-hooks-0.10.0.tgz",
            "integrity": "sha512-2/Z3NTewJTruUkmsSnBC5bJlLNUd9keuD1OLlTEpim4FyLhm6m2Rnfv+wrFdUvFfhmH8CRdiDZBqBrn+wyaGuA==",
            "license": "Apache-2.0",
            "dependencies": {
                "@apm-js-collab/code-transformer": "^0.15.0",
                "debug": "^4.4.1",
                "module-details-from-path": "^1.0.4"
            }
        },
        "node_modules/@esbuild/aix-ppc64": {
            "version": "0.27.7",
            "resolved": "https://registry.npmjs.org/@esbuild/aix-ppc64/-/aix-ppc64-0.27.7.tgz",
            "integrity": "sha512-EKX3Qwmhz1eMdEJokhALr0YiD0lhQNwDqkPYyPhiSwKrh7/4KRjQc04sZ8db+5DVVnZ1LmbNDI1uAMPEUBnQPg==",
            "cpu": [
                "ppc64"
            ],
            "dev": true,
            "license": "MIT",
            "optional": true,
            "os": [
                "aix"
            ],
            "engines": {
                "node": ">=18"
            }
        },
        "node_modules/@esbuild/android-arm": {
            "version": "0.27.7",
            "resolved": "https://registry.npmjs.org/@esbuild/android-arm/-/android-arm-0.27.7.tgz",
            "integrity": "sha512-jbPXvB4Yj2yBV7HUfE2KHe4GJX51QplCN1pGbYjvsyCZbQmies29EoJbkEc+vYuU5o45AfQn37vZlyXy4YJ8RQ==",
            "cpu": [
                "arm"
            ],
            "dev": true,
            "license": "MIT",
            "optional": true,
            "os": [
                "android"
            ],
            "engines": {
                "node": ">=18"
            }
        },
        "node_modules/@esbuild/android-arm64": {
            "version": "0.27.7",
            "resolved": "https://registry.npmjs.org/@esbuild/android-arm64/-/android-arm64-0.27.7.tgz",
            "integrity": "sha512-62dPZHpIXzvChfvfLJow3q5dDtiNMkwiRzPylSCfriLvZeq0a1bWChrGx/BbUbPwOrsWKMn8idSllklzBy+dgQ==",
            "cpu": [
                "arm64"
            ],
            "dev": true,
            "license": "MIT",
            "optional": true,
            "os": [
                "android"
            ],
            "engines": {
                "node": ">=18"
            }
        },
        "node_modules/@esbuild/android-x64": {
            "version": "0.27.7",
            "resolved": "https://registry.npmjs.org/@esbuild/android-x64/-/android-x64-0.27.7.tgz",
            "integrity": "sha512-x5VpMODneVDb70PYV2VQOmIUUiBtY3D3mPBG8NxVk5CogneYhkR7MmM3yR/uMdITLrC1ml/NV1rj4bMJuy9MCg==",
            "cpu": [
                "x64"
            ],
            "dev": true,
            "license": "MIT",
            "optional": true,
            "os": [
                "android"
            ],
            "engines": {
                "node": ">=18"
            }
        },
        "node_modules/@esbuild/darwin-arm64": {
            "version": "0.27.7",
            "resolved": "https://registry.npmjs.org/@esbuild/darwin-arm64/-/darwin-arm64-0.27.7.tgz",
            "integrity": "sha512-5lckdqeuBPlKUwvoCXIgI2D9/ABmPq3Rdp7IfL70393YgaASt7tbju3Ac+ePVi3KDH6N2RqePfHnXkaDtY9fkw==",
            "cpu": [
                "arm64"
            ],
            "dev": true,
            "license": "MIT",
            "optional": true,
            "os": [
                "darwin"
            ],
            "engines": {
                "node": ">=18"
            }
        },
        "node_modules/@esbuild/darwin-x64": {
            "version": "0.27.7",
            "resolved": "https://registry.npmjs.org/@esbuild/darwin-x64/-/darwin-x64-0.27.7.tgz",
            "integrity": "sha512-rYnXrKcXuT7Z+WL5K980jVFdvVKhCHhUwid+dDYQpH+qu+TefcomiMAJpIiC2EM3Rjtq0sO3StMV/+3w3MyyqQ==",
            "cpu": [
                "x64"
            ],
            "dev": true,
            "license": "MIT",
            "optional": true,
            "os": [
                "darwin"
            ],
            "engines": {
                "node": ">=18"
            }
        },
        "node_modules/@esbuild/freebsd-arm64": {
            "version": "0.27.7",
            "resolved": "https://registry.npmjs.org/@esbuild/freebsd-arm64/-/freebsd-arm64-0.27.7.tgz",
            "integrity": "sha512-B48PqeCsEgOtzME2GbNM2roU29AMTuOIN91dsMO30t+Ydis3z/3Ngoj5hhnsOSSwNzS+6JppqWsuhTp6E82l2w==",
            "cpu": [
                "arm64"
            ],
            "dev": true,
            "license": "MIT",
            "optional": true,
            "os": [
                "freebsd"
            ],
            "engines": {
                "node": ">=18"
            }
        },
        "node_modules/@esbuild/freebsd-x64": {
            "version": "0.27.7",
            "resolved": "https://registry.npmjs.org/@esbuild/freebsd-x64/-/freebsd-x64-0.27.7.tgz",
            "integrity": "sha512-jOBDK5XEjA4m5IJK3bpAQF9/Lelu/Z9ZcdhTRLf4cajlB+8VEhFFRjWgfy3M1O4rO2GQ/b2dLwCUGpiF/eATNQ==",
            "cpu": [
                "x64"
            ],
            "dev": true,
            "license": "MIT",
            "optional": true,
            "os": [
                "freebsd"
            ],
            "engines": {
                "node": ">=18"
            }
        },
        "node_modules/@esbuild/linux-arm": {
            "version": "0.27.7",
            "resolved": "https://registry.npmjs.org/@esbuild/linux-arm/-/linux-arm-0.27.7.tgz",
            "integrity": "sha512-RkT/YXYBTSULo3+af8Ib0ykH8u2MBh57o7q/DAs3lTJlyVQkgQvlrPTnjIzzRPQyavxtPtfg0EopvDyIt0j1rA==",
            "cpu": [
                "arm"
            ],
            "dev": true,
            "license": "MIT",
            "optional": true,
            "os": [
                "linux"
            ],
            "engines": {
                "node": ">=18"
            }
        },
        "node_modules/@esbuild/linux-arm64": {
            "version": "0.27.7",
            "resolved": "https://registry.npmjs.org/@esbuild/linux-arm64/-/linux-arm64-0.27.7.tgz",
            "integrity": "sha512-RZPHBoxXuNnPQO9rvjh5jdkRmVizktkT7TCDkDmQ0W2SwHInKCAV95GRuvdSvA7w4VMwfCjUiPwDi0ZO6Nfe9A==",
            "cpu": [
                "arm64"
            ],
            "dev": true,
            "license": "MIT",
            "optional": true,
            "os": [
                "linux"
            ],
            "engines": {
                "node": ">=18"
            }
        },
        "node_modules/@esbuild/linux-ia32": {
            "version": "0.27.7",
            "resolved": "https://registry.npmjs.org/@esbuild/linux-ia32/-/linux-ia32-0.27.7.tgz",
            "integrity": "sha512-GA48aKNkyQDbd3KtkplYWT102C5sn/EZTY4XROkxONgruHPU72l+gW+FfF8tf2cFjeHaRbWpOYa/uRBz/Xq1Pg==",
            "cpu": [
                "ia32"
            ],
            "dev": true,
            "license": "MIT",
            "optional": true,
            "os": [
                "linux"
            ],
            "engines": {
                "node": ">=18"
            }
        },
        "node_modules/@esbuild/linux-loong64": {
            "version": "0.27.7",
            "resolved": "https://registry.npmjs.org/@esbuild/linux-loong64/-/linux-loong64-0.27.7.tgz",
            "integrity": "sha512-a4POruNM2oWsD4WKvBSEKGIiWQF8fZOAsycHOt6JBpZ+JN2n2JH9WAv56SOyu9X5IqAjqSIPTaJkqN8F7XOQ5Q==",
            "cpu": [
                "loong64"
            ],
            "dev": true,
            "license": "MIT",
            "optional": true,
            "os": [
                "linux"
            ],
            "engines": {
                "node": ">=18"
            }
        },
        "node_modules/@esbuild/linux-mips64el": {
            "version": "0.27.7",
            "resolved": "https://registry.npmjs.org/@esbuild/linux-mips64el/-/linux-mips64el-0.27.7.tgz",
            "integrity": "sha512-KabT5I6StirGfIz0FMgl1I+R1H73Gp0ofL9A3nG3i/cYFJzKHhouBV5VWK1CSgKvVaG4q1RNpCTR2LuTVB3fIw==",
            "cpu": [
                "mips64el"
            ],
            "dev": true,
            "license": "MIT",
            "optional": true,
            "os": [
                "linux"
            ],
            "engines": {
                "node": ">=18"
            }
        },
        "node_modules/@esbuild/linux-ppc64": {
            "version": "0.27.7",
            "resolved": "https://registry.npmjs.org/@esbuild/linux-ppc64/-/linux-ppc64-0.27.7.tgz",
            "integrity": "sha512-gRsL4x6wsGHGRqhtI+ifpN/vpOFTQtnbsupUF5R5YTAg+y/lKelYR1hXbnBdzDjGbMYjVJLJTd2OFmMewAgwlQ==",
            "cpu": [
                "ppc64"
            ],
            "dev": true,
            "license": "MIT",
            "optional": true,
            "os": [
                "linux"
            ],
            "engines": {
                "node": ">=18"
            }
        },
        "node_modules/@esbuild/linux-riscv64": {
            "version": "0.27.7",
            "resolved": "https://registry.npmjs.org/@esbuild/linux-riscv64/-/linux-riscv64-0.27.7.tgz",
            "integrity": "sha512-hL25LbxO1QOngGzu2U5xeXtxXcW+/GvMN3ejANqXkxZ/opySAZMrc+9LY/WyjAan41unrR3YrmtTsUpwT66InQ==",
            "cpu": [
                "riscv64"
            ],
            "dev": true,
            "license": "MIT",
            "optional": true,
            "os": [
                "linux"
            ],
            "engines": {
                "node": ">=18"
            }
        },
        "node_modules/@esbuild/linux-s390x": {
            "version": "0.27.7",
            "resolved": "https://registry.npmjs.org/@esbuild/linux-s390x/-/linux-s390x-0.27.7.tgz",
            "integrity": "sha512-2k8go8Ycu1Kb46vEelhu1vqEP+UeRVj2zY1pSuPdgvbd5ykAw82Lrro28vXUrRmzEsUV0NzCf54yARIK8r0fdw==",
            "cpu": [
                "s390x"
            ],
            "dev": true,
            "license": "MIT",
            "optional": true,
            "os": [
                "linux"
            ],
            "engines": {
                "node": ">=18"
            }
        },
        "node_modules/@esbuild/linux-x64": {
            "version": "0.27.7",
            "resolved": "https://registry.npmjs.org/@esbuild/linux-x64/-/linux-x64-0.27.7.tgz",
            "integrity": "sha512-hzznmADPt+OmsYzw1EE33ccA+HPdIqiCRq7cQeL1Jlq2gb1+OyWBkMCrYGBJ+sxVzve2ZJEVeePbLM2iEIZSxA==",
            "cpu": [
                "x64"
            ],
            "dev": true,
            "license": "MIT",
            "optional": true,
            "os": [
                "linux"
            ],
            "engines": {
                "node": ">=18"
            }
        },
        "node_modules/@esbuild/netbsd-arm64": {
            "version": "0.27.7",
            "resolved": "https://registry.npmjs.org/@esbuild/netbsd-arm64/-/netbsd-arm64-0.27.7.tgz",
            "integrity": "sha512-b6pqtrQdigZBwZxAn1UpazEisvwaIDvdbMbmrly7cDTMFnw/+3lVxxCTGOrkPVnsYIosJJXAsILG9XcQS+Yu6w==",
            "cpu": [
                "arm64"
            ],
            "dev": true,
            "license": "MIT",
            "optional": true,
            "os": [
                "netbsd"
            ],
            "engines": {
                "node": ">=18"
            }
        },
        "node_modules/@esbuild/netbsd-x64": {
            "version": "0.27.7",
            "resolved": "https://registry.npmjs.org/@esbuild/netbsd-x64/-/netbsd-x64-0.27.7.tgz",
            "integrity": "sha512-OfatkLojr6U+WN5EDYuoQhtM+1xco+/6FSzJJnuWiUw5eVcicbyK3dq5EeV/QHT1uy6GoDhGbFpprUiHUYggrw==",
            "cpu": [
                "x64"
            ],
            "dev": true,
            "license": "MIT",
            "optional": true,
            "os": [
                "netbsd"
            ],
            "engines": {
                "node": ">=18"
            }
        },
        "node_modules/@esbuild/openbsd-arm64": {
            "version": "0.27.7",
            "resolved": "https://registry.npmjs.org/@esbuild/openbsd-arm64/-/openbsd-arm64-0.27.7.tgz",
            "integrity": "sha512-AFuojMQTxAz75Fo8idVcqoQWEHIXFRbOc1TrVcFSgCZtQfSdc1RXgB3tjOn/krRHENUB4j00bfGjyl2mJrU37A==",
            "cpu": [
                "arm64"
            ],
            "dev": true,
            "license": "MIT",
            "optional": true,
            "os": [
                "openbsd"
            ],
            "engines": {
                "node": ">=18"
            }
        },
        "node_modules/@esbuild/openbsd-x64": {
            "version": "0.27.7",
            "resolved": "https://registry.npmjs.org/@esbuild/openbsd-x64/-/openbsd-x64-0.27.7.tgz",
            "integrity": "sha512-+A1NJmfM8WNDv5CLVQYJ5PshuRm/4cI6WMZRg1by1GwPIQPCTs1GLEUHwiiQGT5zDdyLiRM/l1G0Pv54gvtKIg==",
            "cpu": [
                "x64"
            ],
            "dev": true,
            "license": "MIT",
            "optional": true,
            "os": [
                "openbsd"
            ],
            "engines": {
                "node": ">=18"
            }
        },
        "node_modules/@esbuild/openharmony-arm64": {
            "version": "0.27.7",
            "resolved": "https://registry.npmjs.org/@esbuild/openharmony-arm64/-/openharmony-arm64-0.27.7.tgz",
            "integrity": "sha512-+KrvYb/C8zA9CU/g0sR6w2RBw7IGc5J2BPnc3dYc5VJxHCSF1yNMxTV5LQ7GuKteQXZtspjFbiuW5/dOj7H4Yw==",
            "cpu": [
                "arm64"
            ],
            "dev": true,
            "license": "MIT",
            "optional": true,
            "os": [
                "openharmony"
            ],
            "engines": {
                "node": ">=18"
            }
        },
        "node_modules/@esbuild/sunos-x64": {
            "version": "0.27.7",
            "resolved": "https://registry.npmjs.org/@esbuild/sunos-x64/-/sunos-x64-0.27.7.tgz",
            "integrity": "sha512-ikktIhFBzQNt/QDyOL580ti9+5mL/YZeUPKU2ivGtGjdTYoqz6jObj6nOMfhASpS4GU4Q/Clh1QtxWAvcYKamA==",
            "cpu": [
                "x64"
            ],
            "dev": true,
            "license": "MIT",
            "optional": true,
            "os": [
                "sunos"
            ],
            "engines": {
                "node": ">=18"
            }
        },
        "node_modules/@esbuild/win32-arm64": {
            "version": "0.27.7",
            "resolved": "https://registry.npmjs.org/@esbuild/win32-arm64/-/win32-arm64-0.27.7.tgz",
            "integrity": "sha512-7yRhbHvPqSpRUV7Q20VuDwbjW5kIMwTHpptuUzV+AA46kiPze5Z7qgt6CLCK3pWFrHeNfDd1VKgyP4O+ng17CA==",
            "cpu": [
                "arm64"
            ],
            "dev": true,
            "license": "MIT",
            "optional": true,
            "os": [
                "win32"
            ],
            "engines": {
                "node": ">=18"
            }
        },
        "node_modules/@esbuild/win32-ia32": {
            "version": "0.27.7",
            "resolved": "https://registry.npmjs.org/@esbuild/win32-ia32/-/win32-ia32-0.27.7.tgz",
            "integrity": "sha512-SmwKXe6VHIyZYbBLJrhOoCJRB/Z1tckzmgTLfFYOfpMAx63BJEaL9ExI8x7v0oAO3Zh6D/Oi1gVxEYr5oUCFhw==",
            "cpu": [
                "ia32"
            ],
            "dev": true,
            "license": "MIT",
            "optional": true,
            "os": [
                "win32"
            ],
            "engines": {
                "node": ">=18"
            }
        },
        "node_modules/@esbuild/win32-x64": {
            "version": "0.27.7",
            "resolved": "https://registry.npmjs.org/@esbuild/win32-x64/-/win32-x64-0.27.7.tgz",
            "integrity": "sha512-56hiAJPhwQ1R4i+21FVF7V8kSD5zZTdHcVuRFMW0hn753vVfQN8xlx4uOPT4xoGH0Z/oVATuR82AiqSTDIpaHg==",
            "cpu": [
                "x64"
            ],
            "dev": true,
            "license": "MIT",
            "optional": true,
            "os": [
                "win32"
            ],
            "engines": {
                "node": ">=18"
            }
        },
        "node_modules/@jridgewell/sourcemap-codec": {
            "version": "1.5.5",
            "resolved": "https://registry.npmjs.org/@jridgewell/sourcemap-codec/-/sourcemap-codec-1.5.5.tgz",
            "integrity": "sha512-cYQ9310grqxueWbl+WuIUIaiUaDcj7WOq5fVhEljNVgRfOUhY9fy2zTvfoqWsnebh8Sl70VScFbICvJnLKB0Og==",
            "license": "MIT"
        },
        "node_modules/@opentelemetry/api": {
            "version": "1.9.1",
            "resolved": "https://registry.npmjs.org/@opentelemetry/api/-/api-1.9.1.tgz",
            "integrity": "sha512-gLyJlPHPZYdAk1JENA9LeHejZe1Ti77/pTeFm/nMXmQH/HFZlcS/O2XJB+L8fkbrNSqhdtlvjBVjxwUYanNH5Q==",
            "license": "Apache-2.0",
            "engines": {
                "node": ">=8.0.0"
            }
        },
        "node_modules/@opentelemetry/api-logs": {
            "version": "0.214.0",
            "resolved": "https://registry.npmjs.org/@opentelemetry/api-logs/-/api-logs-0.214.0.tgz",
            "integrity": "sha512-40lSJeqYO8Uz2Yj7u94/SJWE/wONa7rmMKjI1ZcIjgf3MHNHv1OZUCrCETGuaRF62d5pQD1wKIW+L4lmSMTzZA==",
            "license": "Apache-2.0",
            "dependencies": {
                "@opentelemetry/api": "^1.3.0"
            },
            "engines": {
                "node": ">=8.0.0"
            }
        },
        "node_modules/@opentelemetry/core": {
            "version": "2.8.0",
            "resolved": "https://registry.npmjs.org/@opentelemetry/core/-/core-2.8.0.tgz",
            "integrity": "sha512-hd1Lfh8p545nNz+jq1Ejfz+Mn1hyLuxYn1YzTfFNrxr8urEWMNQLPf1Th8kjOH+HxwawCrtgBp8JpBUR4ZSgww==",
            "license": "Apache-2.0",
            "dependencies": {
                "@opentelemetry/semantic-conventions": "^1.29.0"
            },
            "engines": {
                "node": "^18.19.0 || >=20.6.0"
            },
            "peerDependencies": {
                "@opentelemetry/api": ">=1.0.0 <1.10.0"
            }
        },
        "node_modules/@opentelemetry/instrumentation": {
            "version": "0.214.0",
            "resolved": "https://registry.npmjs.org/@opentelemetry/instrumentation/-/instrumentation-0.214.0.tgz",
            "integrity": "sha512-MHqEX5Dk59cqVah5LiARMACku7jXSVk9iVDWOea4x3cr7VfdByeDCURK6o1lntT1JS/Tsovw01UJrBhN3/uC5w==",
            "license": "Apache-2.0",
            "dependencies": {
                "@opentelemetry/api-logs": "0.214.0",
                "import-in-the-middle": "^3.0.0",
                "require-in-the-middle": "^8.0.0"
            },
            "engines": {
                "node": "^18.19.0 || >=20.6.0"
            },
            "peerDependencies": {
                "@opentelemetry/api": "^1.3.0"
            }
        },
        "node_modules/@opentelemetry/resources": {
            "version": "2.8.0",
            "resolved": "https://registry.npmjs.org/@opentelemetry/resources/-/resources-2.8.0.tgz",
            "integrity": "sha512-qmXQ27ilDbUK/vGMqwL8D4/rhn76C+sherM4wTbjlfknR8Nvfc/hCxjRJPhkzZzUsPiNg16SA31NxMabwttRjg==",
            "license": "Apache-2.0",
            "dependencies": {
                "@opentelemetry/core": "2.8.0",
                "@opentelemetry/semantic-conventions": "^1.29.0"
            },
            "engines": {
                "node": "^18.19.0 || >=20.6.0"
            },
            "peerDependencies": {
                "@opentelemetry/api": ">=1.3.0 <1.10.0"
            }
        },
        "node_modules/@opentelemetry/sdk-trace-base": {
            "version": "2.8.0",
            "resolved": "https://registry.npmjs.org/@opentelemetry/sdk-trace-base/-/sdk-trace-base-2.8.0.tgz",
            "integrity": "sha512-mhU4jp+vW0mGbFRd+GeXHvmfA4aDqWjBjLC3pE5XMpLs0IE2ryYb019Ts2AQrOq67gaTF25D91+fgvEHDZEnuQ==",
            "license": "Apache-2.0",
            "dependencies": {
                "@opentelemetry/core": "2.8.0",
                "@opentelemetry/resources": "2.8.0",
                "@opentelemetry/semantic-conventions": "^1.29.0"
            },
            "engines": {
                "node": "^18.19.0 || >=20.6.0"
            },
            "peerDependencies": {
                "@opentelemetry/api": ">=1.3.0 <1.10.0"
            }
        },
        "node_modules/@opentelemetry/semantic-conventions": {
            "version": "1.41.1",
            "resolved": "https://registry.npmjs.org/@opentelemetry/semantic-conventions/-/semantic-conventions-1.41.1.tgz",
            "integrity": "sha512-/UhIkaZgPutTFmQ7RnIJGgDXZmtEJ7Dvi86xNTFWcnRxVRNk/aotsqDJYeEvDP+FSMB2SdW+pQzNMcWP0rwuNA==",
            "license": "Apache-2.0",
            "engines": {
                "node": ">=14"
            }
        },
        "node_modules/@sentry/conventions": {
            "version": "0.12.0",
            "resolved": "https://registry.npmjs.org/@sentry/conventions/-/conventions-0.12.0.tgz",
            "integrity": "sha512-z1JQrl/1SLY+8wpzvork6vl+fpsg/oCCxM7HWWhUnI/R+OGNyoIzieQuggX3uUMY7NBtp8UWCQx6FeFazzOF9g==",
            "license": "MIT",
            "engines": {
                "node": ">=14"
            }
        },
        "node_modules/@sentry/core": {
            "version": "10.60.0",
            "resolved": "https://registry.npmjs.org/@sentry/core/-/core-10.60.0.tgz",
            "integrity": "sha512-szN7ccOJAEaLb1BBQzCQhABGMTJmKNUk0G2sc7rWhajeXoZoMKIbNkI9RvJrFuV69cbad/d/BKGBjbpJhySAzw==",
            "license": "MIT",
            "engines": {
                "node": ">=18"
            }
        },
        "node_modules/@sentry/node": {
            "version": "10.60.0",
            "resolved": "https://registry.npmjs.org/@sentry/node/-/node-10.60.0.tgz",
            "integrity": "sha512-u//paUrkKaCr0oNn7r7UulGydkYMSkU1wQOIpG/P/jf7psZWnyXhgeszHzUfZXo6pCdxXG9z9viPvzGjqPQN7A==",
            "license": "MIT",
            "dependencies": {
                "@opentelemetry/api": "^1.9.1",
                "@opentelemetry/instrumentation": "^0.214.0",
                "@opentelemetry/sdk-trace-base": "^2.6.1",
                "@opentelemetry/semantic-conventions": "^1.40.0",
                "@sentry/core": "10.60.0",
                "@sentry/node-core": "10.60.0",
                "@sentry/opentelemetry": "10.60.0",
                "@sentry/server-utils": "10.60.0",
                "import-in-the-middle": "^3.0.0"
            },
            "engines": {
                "node": ">=18"
            }
        },
        "node_modules/@sentry/node-core": {
            "version": "10.60.0",
            "resolved": "https://registry.npmjs.org/@sentry/node-core/-/node-core-10.60.0.tgz",
            "integrity": "sha512-aXi9ixvP+hgUZPPZCRwMNHgY2I0gkSeoAKAUuysDJhWDmrygwfGdlkbGmmtW6PQjtMYFx69Igt5btvhjEBoJTw==",
            "license": "MIT",
            "dependencies": {
                "@sentry/conventions": "^0.12.0",
                "@sentry/core": "10.60.0",
                "@sentry/opentelemetry": "10.60.0",
                "import-in-the-middle": "^3.0.0"
            },
            "engines": {
                "node": ">=18"
            },
            "peerDependencies": {
                "@opentelemetry/api": "^1.9.0",
                "@opentelemetry/core": "^1.30.1 || ^2.1.0",
                "@opentelemetry/exporter-trace-otlp-http": ">=0.57.0 <1",
                "@opentelemetry/instrumentation": ">=0.57.1 <1",
                "@opentelemetry/sdk-trace-base": "^1.30.1 || ^2.1.0"
            },
            "peerDependenciesMeta": {
                "@opentelemetry/api": {
                    "optional": true
                },
                "@opentelemetry/core": {
                    "optional": true
                },
                "@opentelemetry/exporter-trace-otlp-http": {
                    "optional": true
                },
                "@opentelemetry/instrumentation": {
                    "optional": true
                },
                "@opentelemetry/sdk-trace-base": {
                    "optional": true
                }
            }
        },
        "node_modules/@sentry/opentelemetry": {
            "version": "10.60.0",
            "resolved": "https://registry.npmjs.org/@sentry/opentelemetry/-/opentelemetry-10.60.0.tgz",
            "integrity": "sha512-gl+2NVH+9RmTu7pd9kV1tKif+Th+p9tmnXR1l3Sb3Wqo1ir5FaNMKrloWEKMXjnepii9EJUrEHdSC+i8NoexxQ==",
            "license": "MIT",
            "dependencies": {
                "@sentry/conventions": "^0.12.0",
                "@sentry/core": "10.60.0"
            },
            "engines": {
                "node": ">=18"
            },
            "peerDependencies": {
                "@opentelemetry/api": "^1.9.0",
                "@opentelemetry/core": "^1.30.1 || ^2.1.0",
                "@opentelemetry/sdk-trace-base": "^1.30.1 || ^2.1.0"
            }
        },
        "node_modules/@sentry/server-utils": {
            "version": "10.60.0",
            "resolved": "https://registry.npmjs.org/@sentry/server-utils/-/server-utils-10.60.0.tgz",
            "integrity": "sha512-SX+MzWM3nz5ttKT48rlfktm0ERyIpDLma+b6pYeWgW2oFHKcpIu0g0qMGJrZs4lKM3MlgV7IqLa4texMqTp9kQ==",
            "license": "MIT",
            "dependencies": {
                "@apm-js-collab/code-transformer": "^0.15.0",
                "@apm-js-collab/code-transformer-bundler-plugins": "^0.5.0",
                "@apm-js-collab/tracing-hooks": "^0.10.0",
                "@sentry/conventions": "^0.12.0",
                "@sentry/core": "10.60.0",
                "magic-string": "~0.30.0"
            },
            "engines": {
                "node": ">=18"
            }
        },
        "node_modules/@types/estree": {
            "version": "1.0.9",
            "resolved": "https://registry.npmjs.org/@types/estree/-/estree-1.0.9.tgz",
            "integrity": "sha512-GhdPgy1el4/ImP05X05Uw4cw2/M93BCUmnEvWZNStlCzEKME4Fkk+YpoA5OiHNQmoS7Cafb8Xa3Pya8m1Qrzeg==",
            "license": "MIT"
        },
        "node_modules/@types/node": {
            "version": "22.19.17",
            "resolved": "https://registry.npmjs.org/@types/node/-/node-22.19.17.tgz",
            "integrity": "sha512-wGdMcf+vPYM6jikpS/qhg6WiqSV/OhG+jeeHT/KlVqxYfD40iYJf9/AE1uQxVWFvU7MipKRkRv8NSHiCGgPr8Q==",
            "dev": true,
            "license": "MIT",
            "dependencies": {
                "undici-types": "~6.21.0"
            }
        },
        "node_modules/acorn": {
            "version": "8.17.0",
            "resolved": "https://registry.npmjs.org/acorn/-/acorn-8.17.0.tgz",
            "integrity": "sha512-xRQbDb9BnwDafYNn6Vwl839DYVjqXYb1XVGtWAZ1kcDc6iwAL4hg3B1dZlRiuENFeO2H53gFG3in621AdERVAg==",
            "license": "MIT",
            "bin": {
                "acorn": "bin/acorn"
            },
            "engines": {
                "node": ">=0.4.0"
            }
        },
        "node_modules/acorn-import-attributes": {
            "version": "1.9.5",
            "resolved": "https://registry.npmjs.org/acorn-import-attributes/-/acorn-import-attributes-1.9.5.tgz",
            "integrity": "sha512-n02Vykv5uA3eHGM/Z2dQrcD56kL8TyDb2p1+0P83PClMnC/nc+anbQRhIOWnSq4Ke/KvDPrY3C9hDtC/A3eHnQ==",
            "license": "MIT",
            "peerDependencies": {
                "acorn": "^8"
            }
        },
        "node_modules/astring": {
            "version": "1.9.0",
            "resolved": "https://registry.npmjs.org/astring/-/astring-1.9.0.tgz",
            "integrity": "sha512-LElXdjswlqjWrPpJFg1Fx4wpkOCxj1TDHlSV4PlaRxHGWko024xICaa97ZkMfs6DRKlCguiAI+rbXv5GWwXIkg==",
            "license": "MIT",
            "bin": {
                "astring": "bin/astring"
            }
        },
        "node_modules/cjs-module-lexer": {
            "version": "2.2.0",
            "resolved": "https://registry.npmjs.org/cjs-module-lexer/-/cjs-module-lexer-2.2.0.tgz",
            "integrity": "sha512-4bHTS2YuzUvtoLjdy+98ykbNB5jS0+07EvFNXerqZQJ89F7DI6ET7OQo/HJuW6K0aVsKA9hj9/RVb2kQVOrPDQ==",
            "license": "MIT"
        },
        "node_modules/debug": {
            "version": "4.4.3",
            "resolved": "https://registry.npmjs.org/debug/-/debug-4.4.3.tgz",
            "integrity": "sha512-RGwwWnwQvkVfavKVt22FGLw+xYSdzARwm0ru6DhTVA3umU5hZc28V3kO4stgYryrTlLpuvgI9GiijltAjNbcqA==",
            "license": "MIT",
            "dependencies": {
                "ms": "^2.1.3"
            },
            "engines": {
                "node": ">=6.0"
            },
            "peerDependenciesMeta": {
                "supports-color": {
                    "optional": true
                }
            }
        },
        "node_modules/dotenv": {
            "version": "16.6.1",
            "resolved": "https://registry.npmjs.org/dotenv/-/dotenv-16.6.1.tgz",
            "integrity": "sha512-uBq4egWHTcTt33a72vpSG0z3HnPuIl6NqYcTrKEg2azoEyl2hpW0zqlxysq2pK9HlDIHyHyakeYaYnSAwd8bow==",
            "license": "BSD-2-Clause",
            "engines": {
                "node": ">=12"
            },
            "funding": {
                "url": "https://dotenvx.com"
            }
        },
        "node_modules/es-module-lexer": {
            "version": "2.1.0",
            "resolved": "https://registry.npmjs.org/es-module-lexer/-/es-module-lexer-2.1.0.tgz",
            "integrity": "sha512-n27zTYMjYu1aj4MjCWzSP7G9r75utsaoc8m61weK+W8JMBGGQybd43GstCXZ3WNmSFtGT9wi59qQTW6mhTR5LQ==",
            "license": "MIT"
        },
        "node_modules/esbuild": {
            "version": "0.27.7",
            "resolved": "https://registry.npmjs.org/esbuild/-/esbuild-0.27.7.tgz",
            "integrity": "sha512-IxpibTjyVnmrIQo5aqNpCgoACA/dTKLTlhMHihVHhdkxKyPO1uBBthumT0rdHmcsk9uMonIWS0m4FljWzILh3w==",
            "dev": true,
            "hasInstallScript": true,
            "license": "MIT",
            "bin": {
                "esbuild": "bin/esbuild"
            },
            "engines": {
                "node": ">=18"
            },
            "optionalDependencies": {
                "@esbuild/aix-ppc64": "0.27.7",
                "@esbuild/android-arm": "0.27.7",
                "@esbuild/android-arm64": "0.27.7",
                "@esbuild/android-x64": "0.27.7",
                "@esbuild/darwin-arm64": "0.27.7",
                "@esbuild/darwin-x64": "0.27.7",
                "@esbuild/freebsd-arm64": "0.27.7",
                "@esbuild/freebsd-x64": "0.27.7",
                "@esbuild/linux-arm": "0.27.7",
                "@esbuild/linux-arm64": "0.27.7",
                "@esbuild/linux-ia32": "0.27.7",
                "@esbuild/linux-loong64": "0.27.7",
                "@esbuild/linux-mips64el": "0.27.7",
                "@esbuild/linux-ppc64": "0.27.7",
                "@esbuild/linux-riscv64": "0.27.7",
                "@esbuild/linux-s390x": "0.27.7",
                "@esbuild/linux-x64": "0.27.7",
                "@esbuild/netbsd-arm64": "0.27.7",
                "@esbuild/netbsd-x64": "0.27.7",
                "@esbuild/openbsd-arm64": "0.27.7",
                "@esbuild/openbsd-x64": "0.27.7",
                "@esbuild/openharmony-arm64": "0.27.7",
                "@esbuild/sunos-x64": "0.27.7",
                "@esbuild/win32-arm64": "0.27.7",
                "@esbuild/win32-ia32": "0.27.7",
                "@esbuild/win32-x64": "0.27.7"
            }
        },
        "node_modules/esquery": {
            "version": "1.7.0",
            "resolved": "https://registry.npmjs.org/esquery/-/esquery-1.7.0.tgz",
            "integrity": "sha512-Ap6G0WQwcU/LHsvLwON1fAQX9Zp0A2Y6Y/cJBl9r/JbW90Zyg4/zbG6zzKa2OTALELarYHmKu0GhpM5EO+7T0g==",
            "license": "BSD-3-Clause",
            "dependencies": {
                "estraverse": "^5.1.0"
            },
            "engines": {
                "node": ">=0.10"
            }
        },
        "node_modules/estraverse": {
            "version": "5.3.0",
            "resolved": "https://registry.npmjs.org/estraverse/-/estraverse-5.3.0.tgz",
            "integrity": "sha512-MMdARuVEQziNTeJD8DgMqmhwR11BRQ/cBP+pLtYdSTnf3MIO8fFeiINEbX36ZdNlfU/7A9f3gUw49B3oQsvwBA==",
            "license": "BSD-2-Clause",
            "engines": {
                "node": ">=4.0"
            }
        },
        "node_modules/fsevents": {
            "version": "2.3.2",
            "resolved": "https://registry.npmjs.org/fsevents/-/fsevents-2.3.2.tgz",
            "integrity": "sha512-xiqMQR4xAeHTuB9uWm+fFRcIOgKBMiOBP+eXiyT7jsgVCq1bkVygt00oASowB7EdtpOHaaPgKt812P9ab+DDKA==",
            "hasInstallScript": true,
            "license": "MIT",
            "optional": true,
            "os": [
                "darwin"
            ],
            "engines": {
                "node": "^8.16.0 || ^10.6.0 || >=11.0.0"
            }
        },
        "node_modules/get-tsconfig": {
            "version": "4.14.0",
            "resolved": "https://registry.npmjs.org/get-tsconfig/-/get-tsconfig-4.14.0.tgz",
            "integrity": "sha512-yTb+8DXzDREzgvYmh6s9vHsSVCHeC0G3PI5bEXNBHtmshPnO+S5O7qgLEOn0I5QvMy6kpZN8K1NKGyilLb93wA==",
            "dev": true,
            "license": "MIT",
            "dependencies": {
                "resolve-pkg-maps": "^1.0.0"
            },
            "funding": {
                "url": "https://github.com/privatenumber/get-tsconfig?sponsor=1"
            }
        },
        "node_modules/import-in-the-middle": {
            "version": "3.2.0",
            "resolved": "https://registry.npmjs.org/import-in-the-middle/-/import-in-the-middle-3.2.0.tgz",
            "integrity": "sha512-vR2B6HKIhaBjcZr2bLpFiJ1VbzOlRQ7aby4/gw5WPIzToLjqpfWw3VJ4sk1uDchoOODEirvO2jyrSPtUSL5CrQ==",
            "license": "Apache-2.0",
            "dependencies": {
                "acorn": "^8.15.0",
                "acorn-import-attributes": "^1.9.5",
                "cjs-module-lexer": "^2.2.0",
                "module-details-from-path": "^1.0.4"
            },
            "engines": {
                "node": ">=18"
            }
        },
        "node_modules/magic-string": {
            "version": "0.30.21",
            "resolved": "https://registry.npmjs.org/magic-string/-/magic-string-0.30.21.tgz",
            "integrity": "sha512-vd2F4YUyEXKGcLHoq+TEyCjxueSeHnFxyyjNp80yg0XV4vUhnDer/lvvlqM/arB5bXQN5K2/3oinyCRyx8T2CQ==",
            "license": "MIT",
            "dependencies": {
                "@jridgewell/sourcemap-codec": "^1.5.5"
            }
        },
        "node_modules/meriyah": {
            "version": "6.1.4",
            "resolved": "https://registry.npmjs.org/meriyah/-/meriyah-6.1.4.tgz",
            "integrity": "sha512-Sz8FzjzI0kN13GK/6MVEsVzMZEPvOhnmmI1lU5+/1cGOiK3QUahntrNNtdVeihrO7t9JpoH75iMNXg6R6uWflQ==",
            "license": "ISC",
            "engines": {
                "node": ">=18.0.0"
            }
        },
        "node_modules/module-details-from-path": {
            "version": "1.0.4",
            "resolved": "https://registry.npmjs.org/module-details-from-path/-/module-details-from-path-1.0.4.tgz",
            "integrity": "sha512-EGWKgxALGMgzvxYF1UyGTy0HXX/2vHLkw6+NvDKW2jypWbHpjQuj4UMcqQWXHERJhVGKikolT06G3bcKe4fi7w==",
            "license": "MIT"
        },
        "node_modules/ms": {
            "version": "2.1.3",
            "resolved": "https://registry.npmjs.org/ms/-/ms-2.1.3.tgz",
            "integrity": "sha512-6FlzubTLZG3J2a/NVCAleEhjzq5oxgHyaCU9yYXvcLsvoVaHJq/s5xXI6/XXP6tz7R9xAOtHnSO/tXtF3WRTlA==",
            "license": "MIT"
        },
        "node_modules/playwright": {
            "version": "1.59.1",
            "resolved": "https://registry.npmjs.org/playwright/-/playwright-1.59.1.tgz",
            "integrity": "sha512-C8oWjPR3F81yljW9o5OxcWzfh6avkVwDD2VYdwIGqTkl+OGFISgypqzfu7dOe4QNLL2aqcWBmI3PMtLIK233lw==",
            "license": "Apache-2.0",
            "dependencies": {
                "playwright-core": "1.59.1"
            },
            "bin": {
                "playwright": "cli.js"
            },
            "engines": {
                "node": ">=18"
            },
            "optionalDependencies": {
                "fsevents": "2.3.2"
            }
        },
        "node_modules/playwright-core": {
            "version": "1.59.1",
            "resolved": "https://registry.npmjs.org/playwright-core/-/playwright-core-1.59.1.tgz",
            "integrity": "sha512-HBV/RJg81z5BiiZ9yPzIiClYV/QMsDCKUyogwH9p3MCP6IYjUFu/MActgYAvK0oWyV9NlwM3GLBjADyWgydVyg==",
            "license": "Apache-2.0",
            "bin": {
                "playwright-core": "cli.js"
            },
            "engines": {
                "node": ">=18"
            }
        },
        "node_modules/require-in-the-middle": {
            "version": "8.0.1",
            "resolved": "https://registry.npmjs.org/require-in-the-middle/-/require-in-the-middle-8.0.1.tgz",
            "integrity": "sha512-QT7FVMXfWOYFbeRBF6nu+I6tr2Tf3u0q8RIEjNob/heKY/nh7drD/k7eeMFmSQgnTtCzLDcCu/XEnpW2wk4xCQ==",
            "license": "MIT",
            "dependencies": {
                "debug": "^4.3.5",
                "module-details-from-path": "^1.0.3"
            },
            "engines": {
                "node": ">=9.3.0 || >=8.10.0 <9.0.0"
            }
        },
        "node_modules/resolve-pkg-maps": {
            "version": "1.0.0",
            "resolved": "https://registry.npmjs.org/resolve-pkg-maps/-/resolve-pkg-maps-1.0.0.tgz",
            "integrity": "sha512-seS2Tj26TBVOC2NIc2rOe2y2ZO7efxITtLZcGSOnHHNOQ7CkiUBfw0Iw2ck6xkIhPwLhKNLS8BO+hEpngQlqzw==",
            "dev": true,
            "license": "MIT",
            "funding": {
                "url": "https://github.com/privatenumber/resolve-pkg-maps?sponsor=1"
            }
        },
        "node_modules/semifies": {
            "version": "1.0.0",
            "resolved": "https://registry.npmjs.org/semifies/-/semifies-1.0.0.tgz",
            "integrity": "sha512-xXR3KGeoxTNWPD4aBvL5NUpMTT7WMANr3EWnaS190QVkY52lqqcVRD7Q05UVbBhiWDGWMlJEUam9m7uFFGVScw==",
            "license": "Apache-2.0"
        },
        "node_modules/source-map": {
            "version": "0.6.1",
            "resolved": "https://registry.npmjs.org/source-map/-/source-map-0.6.1.tgz",
            "integrity": "sha512-UjgapumWlbMhkBgzT7Ykc5YXUT46F0iKu8SGXq0bcwP5dz/h0Plj6enJqjz1Zbq2l5WaqYnrVbwWOWMyF3F47g==",
            "license": "BSD-3-Clause",
            "engines": {
                "node": ">=0.10.0"
            }
        },
        "node_modules/tsx": {
            "version": "4.21.0",
            "resolved": "https://registry.npmjs.org/tsx/-/tsx-4.21.0.tgz",
            "integrity": "sha512-5C1sg4USs1lfG0GFb2RLXsdpXqBSEhAaA/0kPL01wxzpMqLILNxIxIOKiILz+cdg/pLnOUxFYOR5yhHU666wbw==",
            "dev": true,
            "license": "MIT",
            "dependencies": {
                "esbuild": "~0.27.0",
                "get-tsconfig": "^4.7.5"
            },
            "bin": {
                "tsx": "dist/cli.mjs"
            },
            "engines": {
                "node": ">=18.0.0"
            },
            "optionalDependencies": {
                "fsevents": "~2.3.3"
            }
        },
        "node_modules/tsx/node_modules/fsevents": {
            "version": "2.3.3",
            "resolved": "https://registry.npmjs.org/fsevents/-/fsevents-2.3.3.tgz",
            "integrity": "sha512-5xoDfX+fL7faATnagmWPpbFtwh/R77WmMMqqHGS65C3vvB0YHrgF+B1YmZ3441tMj5n63k0212XNoJwzlhffQw==",
            "dev": true,
            "hasInstallScript": true,
            "license": "MIT",
            "optional": true,
            "os": [
                "darwin"
            ],
            "engines": {
                "node": "^8.16.0 || ^10.6.0 || >=11.0.0"
            }
        },
        "node_modules/typescript": {
            "version": "5.9.3",
            "resolved": "https://registry.npmjs.org/typescript/-/typescript-5.9.3.tgz",
            "integrity": "sha512-jl1vZzPDinLr9eUt3J/t7V6FgNEw9QjvBPdysz9KfQDD41fQrC2Y4vKQdiaUpFT4bXlb1RHhLpp8wtm6M5TgSw==",
            "dev": true,
            "license": "Apache-2.0",
            "bin": {
                "tsc": "bin/tsc",
                "tsserver": "bin/tsserver"
            },
            "engines": {
                "node": ">=14.17"
            }
        },
        "node_modules/undici": {
            "version": "7.25.0",
            "resolved": "https://registry.npmjs.org/undici/-/undici-7.25.0.tgz",
            "integrity": "sha512-xXnp4kTyor2Zq+J1FfPI6Eq3ew5h6Vl0F/8d9XU5zZQf1tX9s2Su1/3PiMmUANFULpmksxkClamIZcaUqryHsQ==",
            "license": "MIT",
            "engines": {
                "node": ">=20.18.1"
            }
        },
        "node_modules/undici-types": {
            "version": "6.21.0",
            "resolved": "https://registry.npmjs.org/undici-types/-/undici-types-6.21.0.tgz",
            "integrity": "sha512-iwDZqg0QAGrg9Rav5H4n0M64c3mkR59cJ6wQp+7C4nI0gsmExaedaYLNO44eT4AtBBwjbTiGPMlt2Md0T9H9JQ==",
            "dev": true,
            "license": "MIT"
        },
        "node_modules/zod": {
            "version": "3.25.76",
            "resolved": "https://registry.npmjs.org/zod/-/zod-3.25.76.tgz",
            "integrity": "sha512-gzUt/qt81nXsFGKIFcC3YnfEAx5NkunCfnDlvuBSSFS02bcXu4Lmea0AFIUwbLWxWPx3d9p8S5QoaujKcNQxcQ==",
            "license": "MIT",
            "funding": {
                "url": "https://github.com/sponsors/colinhacks"
            }
        }
    }
}
